
Microsoft Visual Studio Solution File, Format Version 12.00
# Visual Studio Version 16
VisualStudioVersion = 16.0.29409.12
MinimumVisualStudioVersion = 10.0.40219.1
Project("{8BC9CEB8-8B4A-11D0-8D11-00A0C91BC942}") = "VulkanBasics", "VulkanBasics.vcxproj", "{3F9B0405-E176-4966-988F-4F143AFC9249}"
EndProject
Global
	GlobalSection(SolutionConfigurationPlatforms) = preSolution
		Debug|x64 = Debug|x64
		Release|x64 = Release|x64
	EndGlobalSection
	GlobalSection(ProjectConfigurationPlatforms) = postSolution
		{3F9B0405-E176-4966-988F-4F143AFC9249}.Debug|x64.ActiveCfg = Debug|x64
		{3F9B0405-E176-4966-988F-4F143AFC9249}.Debug|x64.Build.0 = Debug|x64
		{3F9B0405-E176-4966-988F-4F143AFC9249}.Release|x64.ActiveCfg = Debug|x64
		{3F9B0405-E176-4966-988F-4F143AFC9249}.Release|x64.Build.0 = Debug|x64
	EndGlobalSection
	GlobalSection(SolutionProperties) = preSolution
		HideSolutionNode = FALSE
	EndGlobalSection
	GlobalSection(ExtensibilityGlobals) = postSolution
		SolutionGuid = {B8E2EC78-BBE2-4EEA-A05A-CBC0D5488B4E}
	EndGlobalSection
EndGlobal
